
Microsoft Visual Studio Solution File, Format Version 12.00
# Visual Studio Version 16
VisualStudioVersion = 16.0.29324.140
MinimumVisualStudioVersion = 10.0.40219.1
Project("{FAE04EC0-301F-11D3-BF4B-00C04F79EFBC}") = "InternetMarketServer", "InternetMarket\InternetMarketServer.csproj", "{204CDEDD-3E0C-4442-9694-77AA65715434}"
EndProject
Project("{FAE04EC0-301F-11D3-BF4B-00C04F79EFBC}") = "InternetMarketClient", "InternetMarketClient\InternetMarketClient.csproj", "{3ECC3BAA-B2CC-4974-B3C4-1A9D768CC19D}"
EndProject
Project("{FAE04EC0-301F-11D3-BF4B-00C04F79EFBC}") = "InternetMarketLibrery", "InternetMarketLibrery\InternetMarketLibrery.csproj", "{392DA7FF-32A7-4C4F-A1DC-52C6A8E933B1}"
EndProject
Project("{FAE04EC0-301F-11D3-BF4B-00C04F79EFBC}") = "InternetMarketService", "InternetMarketService\InternetMarketService.csproj", "{4CE87878-9448-4B81-86AC-77219595838C}"
EndProject
Project("{FAE04EC0-301F-11D3-BF4B-00C04F79EFBC}") = "InternetMarketMongoServer", "InternetMarketMongoServer\InternetMarketMongoServer.csproj", "{4B5F4AD2-9B25-421C-A90E-A86D975A7DBF}"
EndProject
Project("{FAE04EC0-301F-11D3-BF4B-00C04F79EFBC}") = "InternetMarketMongoClient", "InternetMarketMongoClient\InternetMarketMongoClient.csproj", "{28B5F0BF-6436-4B1D-A127-1381A0C4FFA2}"
EndProject
Global
	GlobalSection(SolutionConfigurationPlatforms) = preSolution
		All|Any CPU = All|Any CPU
		All|ARM = All|ARM
		All|ARM64 = All|ARM64
		All|x64 = All|x64
		All|x86 = All|x86
		Debug|Any CPU = Debug|Any CPU
		Debug|ARM = Debug|ARM
		Debug|ARM64 = Debug|ARM64
		Debug|x64 = Debug|x64
		Debug|x86 = Debug|x86
		Release|Any CPU = Release|Any CPU
		Release|ARM = Release|ARM
		Release|ARM64 = Release|ARM64
		Release|x64 = Release|x64
		Release|x86 = Release|x86
	EndGlobalSection
	GlobalSection(ProjectConfigurationPlatforms) = postSolution
		{204CDEDD-3E0C-4442-9694-77AA65715434}.All|Any CPU.ActiveCfg = Release|Any CPU
		{204CDEDD-3E0C-4442-9694-77AA65715434}.All|Any CPU.Build.0 = Release|Any CPU
		{204CDEDD-3E0C-4442-9694-77AA65715434}.All|ARM.ActiveCfg = Release|Any CPU
		{204CDEDD-3E0C-4442-9694-77AA65715434}.All|ARM.Build.0 = Release|Any CPU
		{204CDEDD-3E0C-4442-9694-77AA65715434}.All|ARM64.ActiveCfg = Release|Any CPU
		{204CDEDD-3E0C-4442-9694-77AA65715434}.All|ARM64.Build.0 = Release|Any CPU
		{204CDEDD-3E0C-4442-9694-77AA65715434}.All|x64.ActiveCfg = Release|Any CPU
		{204CDEDD-3E0C-4442-9694-77AA65715434}.All|x64.Build.0 = Release|Any CPU
		{204CDEDD-3E0C-4442-9694-77AA65715434}.All|x86.ActiveCfg = Release|Any CPU
		{204CDEDD-3E0C-4442-9694-77AA65715434}.All|x86.Build.0 = Release|Any CPU
		{204CDEDD-3E0C-4442-9694-77AA65715434}.Debug|Any CPU.ActiveCfg = Debug|Any CPU
		{204CDEDD-3E0C-4442-9694-77AA65715434}.Debug|Any CPU.Build.0 = Debug|Any CPU
		{204CDEDD-3E0C-4442-9694-77AA65715434}.Debug|ARM.ActiveCfg = Debug|Any CPU
		{204CDEDD-3E0C-4442-9694-77AA65715434}.Debug|ARM.Build.0 = Debug|Any CPU
		{204CDEDD-3E0C-4442-9694-77AA65715434}.Debug|ARM64.ActiveCfg = Debug|Any CPU
		{204CDEDD-3E0C-4442-9694-77AA65715434}.Debug|ARM64.Build.0 = Debug|Any CPU
		{204CDEDD-3E0C-4442-9694-77AA65715434}.Debug|x64.ActiveCfg = Debug|Any CPU
		{204CDEDD-3E0C-4442-9694-77AA65715434}.Debug|x64.Build.0 = Debug|Any CPU
		{204CDEDD-3E0C-4442-9694-77AA65715434}.Debug|x86.ActiveCfg = Debug|Any CPU
		{204CDEDD-3E0C-4442-9694-77AA65715434}.Debug|x86.Build.0 = Debug|Any CPU
		{204CDEDD-3E0C-4442-9694-77AA65715434}.Release|Any CPU.ActiveCfg = Release|Any CPU
		{204CDEDD-3E0C-4442-9694-77AA65715434}.Release|Any CPU.Build.0 = Release|Any CPU
		{204CDEDD-3E0C-4442-9694-77AA65715434}.Release|ARM.ActiveCfg = Release|Any CPU
		{204CDEDD-3E0C-4442-9694-77AA65715434}.Release|ARM.Build.0 = Release|Any CPU
		{204CDEDD-3E0C-4442-9694-77AA65715434}.Release|ARM64.ActiveCfg = Release|Any CPU
		{204CDEDD-3E0C-4442-9694-77AA65715434}.Release|ARM64.Build.0 = Release|Any CPU
		{204CDEDD-3E0C-4442-9694-77AA65715434}.Release|x64.ActiveCfg = Release|Any CPU
		{204CDEDD-3E0C-4442-9694-77AA65715434}.Release|x64.Build.0 = Release|Any CPU
		{204CDEDD-3E0C-4442-9694-77AA65715434}.Release|x86.ActiveCfg = Release|Any CPU
		{204CDEDD-3E0C-4442-9694-77AA65715434}.Release|x86.Build.0 = Release|Any CPU
		{3ECC3BAA-B2CC-4974-B3C4-1A9D768CC19D}.All|Any CPU.ActiveCfg = Release|Any CPU
		{3ECC3BAA-B2CC-4974-B3C4-1A9D768CC19D}.All|Any CPU.Build.0 = Release|Any CPU
		{3ECC3BAA-B2CC-4974-B3C4-1A9D768CC19D}.All|ARM.ActiveCfg = Release|Any CPU
		{3ECC3BAA-B2CC-4974-B3C4-1A9D768CC19D}.All|ARM.Build.0 = Release|Any CPU
		{3ECC3BAA-B2CC-4974-B3C4-1A9D768CC19D}.All|ARM64.ActiveCfg = Release|Any CPU
		{3ECC3BAA-B2CC-4974-B3C4-1A9D768CC19D}.All|ARM64.Build.0 = Release|Any CPU
		{3ECC3BAA-B2CC-4974-B3C4-1A9D768CC19D}.All|x64.ActiveCfg = Release|Any CPU
		{3ECC3BAA-B2CC-4974-B3C4-1A9D768CC19D}.All|x64.Build.0 = Release|Any CPU
		{3ECC3BAA-B2CC-4974-B3C4-1A9D768CC19D}.All|x86.ActiveCfg = Release|Any CPU
		{3ECC3BAA-B2CC-4974-B3C4-1A9D768CC19D}.All|x86.Build.0 = Release|Any CPU
		{3ECC3BAA-B2CC-4974-B3C4-1A9D768CC19D}.Debug|Any CPU.ActiveCfg = Debug|Any CPU
		{3ECC3BAA-B2CC-4974-B3C4-1A9D768CC19D}.Debug|Any CPU.Build.0 = Debug|Any CPU
		{3ECC3BAA-B2CC-4974-B3C4-1A9D768CC19D}.Debug|ARM.ActiveCfg = Debug|Any CPU
		{3ECC3BAA-B2CC-4974-B3C4-1A9D768CC19D}.Debug|ARM.Build.0 = Debug|Any CPU
		{3ECC3BAA-B2CC-4974-B3C4-1A9D768CC19D}.Debug|ARM64.ActiveCfg = Debug|Any CPU
		{3ECC3BAA-B2CC-4974-B3C4-1A9D768CC19D}.Debug|ARM64.Build.0 = Debug|Any CPU
		{3ECC3BAA-B2CC-4974-B3C4-1A9D768CC19D}.Debug|x64.ActiveCfg = Debug|Any CPU
		{3ECC3BAA-B2CC-4974-B3C4-1A9D768CC19D}.Debug|x64.Build.0 = Debug|Any CPU
		{3ECC3BAA-B2CC-4974-B3C4-1A9D768CC19D}.Debug|x86.ActiveCfg = Debug|Any CPU
		{3ECC3BAA-B2CC-4974-B3C4-1A9D768CC19D}.Debug|x86.Build.0 = Debug|Any CPU
		{3ECC3BAA-B2CC-4974-B3C4-1A9D768CC19D}.Release|Any CPU.ActiveCfg = Release|Any CPU
		{3ECC3BAA-B2CC-4974-B3C4-1A9D768CC19D}.Release|Any CPU.Build.0 = Release|Any CPU
		{3ECC3BAA-B2CC-4974-B3C4-1A9D768CC19D}.Release|ARM.ActiveCfg = Release|Any CPU
		{3ECC3BAA-B2CC-4974-B3C4-1A9D768CC19D}.Release|ARM.Build.0 = Release|Any CPU
		{3ECC3BAA-B2CC-4974-B3C4-1A9D768CC19D}.Release|ARM64.ActiveCfg = Release|Any CPU
		{3ECC3BAA-B2CC-4974-B3C4-1A9D768CC19D}.Release|ARM64.Build.0 = Release|Any CPU
		{3ECC3BAA-B2CC-4974-B3C4-1A9D768CC19D}.Release|x64.ActiveCfg = Release|Any CPU
		{3ECC3BAA-B2CC-4974-B3C4-1A9D768CC19D}.Release|x64.Build.0 = Release|Any CPU
		{3ECC3BAA-B2CC-4974-B3C4-1A9D768CC19D}.Release|x86.ActiveCfg = Release|Any CPU
		{3ECC3BAA-B2CC-4974-B3C4-1A9D768CC19D}.Release|x86.Build.0 = Release|Any CPU
		{392DA7FF-32A7-4C4F-A1DC-52C6A8E933B1}.All|Any CPU.ActiveCfg = Release|Any CPU
		{392DA7FF-32A7-4C4F-A1DC-52C6A8E933B1}.All|Any CPU.Build.0 = Release|Any CPU
		{392DA7FF-32A7-4C4F-A1DC-52C6A8E933B1}.All|ARM.ActiveCfg = Release|Any CPU
		{392DA7FF-32A7-4C4F-A1DC-52C6A8E933B1}.All|ARM.Build.0 = Release|Any CPU
		{392DA7FF-32A7-4C4F-A1DC-52C6A8E933B1}.All|ARM64.ActiveCfg = Release|Any CPU
		{392DA7FF-32A7-4C4F-A1DC-52C6A8E933B1}.All|ARM64.Build.0 = Release|Any CPU
		{392DA7FF-32A7-4C4F-A1DC-52C6A8E933B1}.All|x64.ActiveCfg = Release|Any CPU
		{392DA7FF-32A7-4C4F-A1DC-52C6A8E933B1}.All|x64.Build.0 = Release|Any CPU
		{392DA7FF-32A7-4C4F-A1DC-52C6A8E933B1}.All|x86.ActiveCfg = Release|Any CPU
		{392DA7FF-32A7-4C4F-A1DC-52C6A8E933B1}.All|x86.Build.0 = Release|Any CPU
		{392DA7FF-32A7-4C4F-A1DC-52C6A8E933B1}.Debug|Any CPU.ActiveCfg = Debug|Any CPU
		{392DA7FF-32A7-4C4F-A1DC-52C6A8E933B1}.Debug|Any CPU.Build.0 = Debug|Any CPU
		{392DA7FF-32A7-4C4F-A1DC-52C6A8E933B1}.Debug|ARM.ActiveCfg = Debug|Any CPU
		{392DA7FF-32A7-4C4F-A1DC-52C6A8E933B1}.Debug|ARM.Build.0 = Debug|Any CPU
		{392DA7FF-32A7-4C4F-A1DC-52C6A8E933B1}.Debug|ARM64.ActiveCfg = Debug|Any CPU
		{392DA7FF-32A7-4C4F-A1DC-52C6A8E933B1}.Debug|ARM64.Build.0 = Debug|Any CPU
		{392DA7FF-32A7-4C4F-A1DC-52C6A8E933B1}.Debug|x64.ActiveCfg = Debug|Any CPU
		{392DA7FF-32A7-4C4F-A1DC-52C6A8E933B1}.Debug|x64.Build.0 = Debug|Any CPU
		{392DA7FF-32A7-4C4F-A1DC-52C6A8E933B1}.Debug|x86.ActiveCfg = Debug|Any CPU
		{392DA7FF-32A7-4C4F-A1DC-52C6A8E933B1}.Debug|x86.Build.0 = Debug|Any CPU
		{392DA7FF-32A7-4C4F-A1DC-52C6A8E933B1}.Release|Any CPU.ActiveCfg = Release|Any CPU
		{392DA7FF-32A7-4C4F-A1DC-52C6A8E933B1}.Release|Any CPU.Build.0 = Release|Any CPU
		{392DA7FF-32A7-4C4F-A1DC-52C6A8E933B1}.Release|ARM.ActiveCfg = Release|Any CPU
		{392DA7FF-32A7-4C4F-A1DC-52C6A8E933B1}.Release|ARM.Build.0 = Release|Any CPU
		{392DA7FF-32A7-4C4F-A1DC-52C6A8E933B1}.Release|ARM64.ActiveCfg = Release|Any CPU
		{392DA7FF-32A7-4C4F-A1DC-52C6A8E933B1}.Release|ARM64.Build.0 = Release|Any CPU
		{392DA7FF-32A7-4C4F-A1DC-52C6A8E933B1}.Release|x64.ActiveCfg = Release|Any CPU
		{392DA7FF-32A7-4C4F-A1DC-52C6A8E933B1}.Release|x64.Build.0 = Release|Any CPU
		{392DA7FF-32A7-4C4F-A1DC-52C6A8E933B1}.Release|x86.ActiveCfg = Release|Any CPU
		{392DA7FF-32A7-4C4F-A1DC-52C6A8E933B1}.Release|x86.Build.0 = Release|Any CPU
		{4CE87878-9448-4B81-86AC-77219595838C}.All|Any CPU.ActiveCfg = Release|Any CPU
		{4CE87878-9448-4B81-86AC-77219595838C}.All|Any CPU.Build.0 = Release|Any CPU
		{4CE87878-9448-4B81-86AC-77219595838C}.All|ARM.ActiveCfg = Release|Any CPU
		{4CE87878-9448-4B81-86AC-77219595838C}.All|ARM.Build.0 = Release|Any CPU
		{4CE87878-9448-4B81-86AC-77219595838C}.All|ARM64.ActiveCfg = Release|Any CPU
		{4CE87878-9448-4B81-86AC-77219595838C}.All|ARM64.Build.0 = Release|Any CPU
		{4CE87878-9448-4B81-86AC-77219595838C}.All|x64.ActiveCfg = Release|Any CPU
		{4CE87878-9448-4B81-86AC-77219595838C}.All|x64.Build.0 = Release|Any CPU
		{4CE87878-9448-4B81-86AC-77219595838C}.All|x86.ActiveCfg = Release|Any CPU
		{4CE87878-9448-4B81-86AC-77219595838C}.All|x86.Build.0 = Release|Any CPU
		{4CE87878-9448-4B81-86AC-77219595838C}.Debug|Any CPU.ActiveCfg = Debug|Any CPU
		{4CE87878-9448-4B81-86AC-77219595838C}.Debug|Any CPU.Build.0 = Debug|Any CPU
		{4CE87878-9448-4B81-86AC-77219595838C}.Debug|ARM.ActiveCfg = Debug|Any CPU
		{4CE87878-9448-4B81-86AC-77219595838C}.Debug|ARM.Build.0 = Debug|Any CPU
		{4CE87878-9448-4B81-86AC-77219595838C}.Debug|ARM64.ActiveCfg = Debug|Any CPU
		{4CE87878-9448-4B81-86AC-77219595838C}.Debug|ARM64.Build.0 = Debug|Any CPU
		{4CE87878-9448-4B81-86AC-77219595838C}.Debug|x64.ActiveCfg = Debug|Any CPU
		{4CE87878-9448-4B81-86AC-77219595838C}.Debug|x64.Build.0 = Debug|Any CPU
		{4CE87878-9448-4B81-86AC-77219595838C}.Debug|x86.ActiveCfg = Debug|Any CPU
		{4CE87878-9448-4B81-86AC-77219595838C}.Debug|x86.Build.0 = Debug|Any CPU
		{4CE87878-9448-4B81-86AC-77219595838C}.Release|Any CPU.ActiveCfg = Release|Any CPU
		{4CE87878-9448-4B81-86AC-77219595838C}.Release|Any CPU.Build.0 = Release|Any CPU
		{4CE87878-9448-4B81-86AC-77219595838C}.Release|ARM.ActiveCfg = Release|Any CPU
		{4CE87878-9448-4B81-86AC-77219595838C}.Release|ARM.Build.0 = Release|Any CPU
		{4CE87878-9448-4B81-86AC-77219595838C}.Release|ARM64.ActiveCfg = Release|Any CPU
		{4CE87878-9448-4B81-86AC-77219595838C}.Release|ARM64.Build.0 = Release|Any CPU
		{4CE87878-9448-4B81-86AC-77219595838C}.Release|x64.ActiveCfg = Release|Any CPU
		{4CE87878-9448-4B81-86AC-77219595838C}.Release|x64.Build.0 = Release|Any CPU
		{4CE87878-9448-4B81-86AC-77219595838C}.Release|x86.ActiveCfg = Release|Any CPU
		{4CE87878-9448-4B81-86AC-77219595838C}.Release|x86.Build.0 = Release|Any CPU
		{4B5F4AD2-9B25-421C-A90E-A86D975A7DBF}.All|Any CPU.ActiveCfg = Release|Any CPU
		{4B5F4AD2-9B25-421C-A90E-A86D975A7DBF}.All|Any CPU.Build.0 = Release|Any CPU
		{4B5F4AD2-9B25-421C-A90E-A86D975A7DBF}.All|ARM.ActiveCfg = Release|Any CPU
		{4B5F4AD2-9B25-421C-A90E-A86D975A7DBF}.All|ARM.Build.0 = Release|Any CPU
		{4B5F4AD2-9B25-421C-A90E-A86D975A7DBF}.All|ARM64.ActiveCfg = Release|Any CPU
		{4B5F4AD2-9B25-421C-A90E-A86D975A7DBF}.All|ARM64.Build.0 = Release|Any CPU
		{4B5F4AD2-9B25-421C-A90E-A86D975A7DBF}.All|x64.ActiveCfg = Release|Any CPU
		{4B5F4AD2-9B25-421C-A90E-A86D975A7DBF}.All|x64.Build.0 = Release|Any CPU
		{4B5F4AD2-9B25-421C-A90E-A86D975A7DBF}.All|x86.ActiveCfg = Release|Any CPU
		{4B5F4AD2-9B25-421C-A90E-A86D975A7DBF}.All|x86.Build.0 = Release|Any CPU
		{4B5F4AD2-9B25-421C-A90E-A86D975A7DBF}.Debug|Any CPU.ActiveCfg = Debug|Any CPU
		{4B5F4AD2-9B25-421C-A90E-A86D975A7DBF}.Debug|Any CPU.Build.0 = Debug|Any CPU
		{4B5F4AD2-9B25-421C-A90E-A86D975A7DBF}.Debug|ARM.ActiveCfg = Debug|Any CPU
		{4B5F4AD2-9B25-421C-A90E-A86D975A7DBF}.Debug|ARM.Build.0 = Debug|Any CPU
		{4B5F4AD2-9B25-421C-A90E-A86D975A7DBF}.Debug|ARM64.ActiveCfg = Debug|Any CPU
		{4B5F4AD2-9B25-421C-A90E-A86D975A7DBF}.Debug|ARM64.Build.0 = Debug|Any CPU
		{4B5F4AD2-9B25-421C-A90E-A86D975A7DBF}.Debug|x64.ActiveCfg = Debug|Any CPU
		{4B5F4AD2-9B25-421C-A90E-A86D975A7DBF}.Debug|x64.Build.0 = Debug|Any CPU
		{4B5F4AD2-9B25-421C-A90E-A86D975A7DBF}.Debug|x86.ActiveCfg = Debug|Any CPU
		{4B5F4AD2-9B25-421C-A90E-A86D975A7DBF}.Debug|x86.Build.0 = Debug|Any CPU
		{4B5F4AD2-9B25-421C-A90E-A86D975A7DBF}.Release|Any CPU.ActiveCfg = Release|Any CPU
		{4B5F4AD2-9B25-421C-A90E-A86D975A7DBF}.Release|Any CPU.Build.0 = Release|Any CPU
		{4B5F4AD2-9B25-421C-A90E-A86D975A7DBF}.Release|ARM.ActiveCfg = Release|Any CPU
		{4B5F4AD2-9B25-421C-A90E-A86D975A7DBF}.Release|ARM.Build.0 = Release|Any CPU
		{4B5F4AD2-9B25-421C-A90E-A86D975A7DBF}.Release|ARM64.ActiveCfg = Release|Any CPU
		{4B5F4AD2-9B25-421C-A90E-A86D975A7DBF}.Release|ARM64.Build.0 = Release|Any CPU
		{4B5F4AD2-9B25-421C-A90E-A86D975A7DBF}.Release|x64.ActiveCfg = Release|Any CPU
		{4B5F4AD2-9B25-421C-A90E-A86D975A7DBF}.Release|x64.Build.0 = Release|Any CPU
		{4B5F4AD2-9B25-421C-A90E-A86D975A7DBF}.Release|x86.ActiveCfg = Release|Any CPU
		{4B5F4AD2-9B25-421C-A90E-A86D975A7DBF}.Release|x86.Build.0 = Release|Any CPU
		{28B5F0BF-6436-4B1D-A127-1381A0C4FFA2}.All|Any CPU.ActiveCfg = Release|Any CPU
		{28B5F0BF-6436-4B1D-A127-1381A0C4FFA2}.All|Any CPU.Build.0 = Release|Any CPU
		{28B5F0BF-6436-4B1D-A127-1381A0C4FFA2}.All|ARM.ActiveCfg = Release|Any CPU
		{28B5F0BF-6436-4B1D-A127-1381A0C4FFA2}.All|ARM.Build.0 = Release|Any CPU
		{28B5F0BF-6436-4B1D-A127-1381A0C4FFA2}.All|ARM64.ActiveCfg = Release|Any CPU
		{28B5F0BF-6436-4B1D-A127-1381A0C4FFA2}.All|ARM64.Build.0 = Release|Any CPU
		{28B5F0BF-6436-4B1D-A127-1381A0C4FFA2}.All|x64.ActiveCfg = Release|Any CPU
		{28B5F0BF-6436-4B1D-A127-1381A0C4FFA2}.All|x64.Build.0 = Release|Any CPU
		{28B5F0BF-6436-4B1D-A127-1381A0C4FFA2}.All|x86.ActiveCfg = Release|Any CPU
		{28B5F0BF-6436-4B1D-A127-1381A0C4FFA2}.All|x86.Build.0 = Release|Any CPU
		{28B5F0BF-6436-4B1D-A127-1381A0C4FFA2}.Debug|Any CPU.ActiveCfg = Debug|Any CPU
		{28B5F0BF-6436-4B1D-A127-1381A0C4FFA2}.Debug|Any CPU.Build.0 = Debug|Any CPU
		{28B5F0BF-6436-4B1D-A127-1381A0C4FFA2}.Debug|ARM.ActiveCfg = Debug|Any CPU
		{28B5F0BF-6436-4B1D-A127-1381A0C4FFA2}.Debug|ARM.Build.0 = Debug|Any CPU
		{28B5F0BF-6436-4B1D-A127-1381A0C4FFA2}.Debug|ARM64.ActiveCfg = Debug|Any CPU
		{28B5F0BF-6436-4B1D-A127-1381A0C4FFA2}.Debug|ARM64.Build.0 = Debug|Any CPU
		{28B5F0BF-6436-4B1D-A127-1381A0C4FFA2}.Debug|x64.ActiveCfg = Debug|Any CPU
		{28B5F0BF-6436-4B1D-A127-1381A0C4FFA2}.Debug|x64.Build.0 = Debug|Any CPU
		{28B5F0BF-6436-4B1D-A127-1381A0C4FFA2}.Debug|x86.ActiveCfg = Debug|Any CPU
		{28B5F0BF-6436-4B1D-A127-1381A0C4FFA2}.Debug|x86.Build.0 = Debug|Any CPU
		{28B5F0BF-6436-4B1D-A127-1381A0C4FFA2}.Release|Any CPU.ActiveCfg = Release|Any CPU
		{28B5F0BF-6436-4B1D-A127-1381A0C4FFA2}.Release|Any CPU.Build.0 = Release|Any CPU
		{28B5F0BF-6436-4B1D-A127-1381A0C4FFA2}.Release|ARM.ActiveCfg = Release|Any CPU
		{28B5F0BF-6436-4B1D-A127-1381A0C4FFA2}.Release|ARM.Build.0 = Release|Any CPU
		{28B5F0BF-6436-4B1D-A127-1381A0C4FFA2}.Release|ARM64.ActiveCfg = Release|Any CPU
		{28B5F0BF-6436-4B1D-A127-1381A0C4FFA2}.Release|ARM64.Build.0 = Release|Any CPU
		{28B5F0BF-6436-4B1D-A127-1381A0C4FFA2}.Release|x64.ActiveCfg = Release|Any CPU
		{28B5F0BF-6436-4B1D-A127-1381A0C4FFA2}.Release|x64.Build.0 = Release|Any CPU
		{28B5F0BF-6436-4B1D-A127-1381A0C4FFA2}.Release|x86.ActiveCfg = Release|Any CPU
		{28B5F0BF-6436-4B1D-A127-1381A0C4FFA2}.Release|x86.Build.0 = Release|Any CPU
	EndGlobalSection
	GlobalSection(SolutionProperties) = preSolution
		HideSolutionNode = FALSE
	EndGlobalSection
	GlobalSection(ExtensibilityGlobals) = postSolution
		SolutionGuid = {5C58F307-5F54-4807-B30A-4FD5B56250F9}
	EndGlobalSection
EndGlobal
