
Microsoft Visual Studio Solution File, Format Version 12.00
# Visual Studio 15
VisualStudioVersion = 15.0.28010.2050
MinimumVisualStudioVersion = 10.0.40219.1
Project("{FAE04EC0-301F-11D3-BF4B-00C04F79EFBC}") = "InternetMarketServer", "InternetMarket\InternetMarketServer.csproj", "{204CDEDD-3E0C-4442-9694-77AA65715434}"
EndProject
Project("{FAE04EC0-301F-11D3-BF4B-00C04F79EFBC}") = "InternetMarketClient", "InternetMarketClient\InternetMarketClient.csproj", "{3ECC3BAA-B2CC-4974-B3C4-1A9D768CC19D}"
EndProject
Global
	GlobalSection(SolutionConfigurationPlatforms) = preSolution
		Debug|Any CPU = Debug|Any CPU
		Debug|ARM = Debug|ARM
		Debug|ARM64 = Debug|ARM64
		Debug|x64 = Debug|x64
		Debug|x86 = Debug|x86
		Release|Any CPU = Release|Any CPU
		Release|ARM = Release|ARM
		Release|ARM64 = Release|ARM64
		Release|x64 = Release|x64
		Release|x86 = Release|x86
	EndGlobalSection
	GlobalSection(ProjectConfigurationPlatforms) = postSolution
		{204CDEDD-3E0C-4442-9694-77AA65715434}.Debug|Any CPU.ActiveCfg = Debug|Any CPU
		{204CDEDD-3E0C-4442-9694-77AA65715434}.Debug|Any CPU.Build.0 = Debug|Any CPU
		{204CDEDD-3E0C-4442-9694-77AA65715434}.Debug|ARM.ActiveCfg = Debug|Any CPU
		{204CDEDD-3E0C-4442-9694-77AA65715434}.Debug|ARM.Build.0 = Debug|Any CPU
		{204CDEDD-3E0C-4442-9694-77AA65715434}.Debug|ARM64.ActiveCfg = Debug|Any CPU
		{204CDEDD-3E0C-4442-9694-77AA65715434}.Debug|ARM64.Build.0 = Debug|Any CPU
		{204CDEDD-3E0C-4442-9694-77AA65715434}.Debug|x64.ActiveCfg = Debug|Any CPU
		{204CDEDD-3E0C-4442-9694-77AA65715434}.Debug|x64.Build.0 = Debug|Any CPU
		{204CDEDD-3E0C-4442-9694-77AA65715434}.Debug|x86.ActiveCfg = Debug|Any CPU
		{204CDEDD-3E0C-4442-9694-77AA65715434}.Debug|x86.Build.0 = Debug|Any CPU
		{204CDEDD-3E0C-4442-9694-77AA65715434}.Release|Any CPU.ActiveCfg = Release|Any CPU
		{204CDEDD-3E0C-4442-9694-77AA65715434}.Release|Any CPU.Build.0 = Release|Any CPU
		{204CDEDD-3E0C-4442-9694-77AA65715434}.Release|ARM.ActiveCfg = Release|Any CPU
		{204CDEDD-3E0C-4442-9694-77AA65715434}.Release|ARM.Build.0 = Release|Any CPU
		{204CDEDD-3E0C-4442-9694-77AA65715434}.Release|ARM64.ActiveCfg = Release|Any CPU
		{204CDEDD-3E0C-4442-9694-77AA65715434}.Release|ARM64.Build.0 = Release|Any CPU
		{204CDEDD-3E0C-4442-9694-77AA65715434}.Release|x64.ActiveCfg = Release|Any CPU
		{204CDEDD-3E0C-4442-9694-77AA65715434}.Release|x64.Build.0 = Release|Any CPU
		{204CDEDD-3E0C-4442-9694-77AA65715434}.Release|x86.ActiveCfg = Release|Any CPU
		{204CDEDD-3E0C-4442-9694-77AA65715434}.Release|x86.Build.0 = Release|Any CPU
		{3ECC3BAA-B2CC-4974-B3C4-1A9D768CC19D}.Debug|Any CPU.ActiveCfg = Debug|Any CPU
		{3ECC3BAA-B2CC-4974-B3C4-1A9D768CC19D}.Debug|Any CPU.Build.0 = Debug|Any CPU
		{3ECC3BAA-B2CC-4974-B3C4-1A9D768CC19D}.Debug|ARM.ActiveCfg = Debug|Any CPU
		{3ECC3BAA-B2CC-4974-B3C4-1A9D768CC19D}.Debug|ARM.Build.0 = Debug|Any CPU
		{3ECC3BAA-B2CC-4974-B3C4-1A9D768CC19D}.Debug|ARM64.ActiveCfg = Debug|Any CPU
		{3ECC3BAA-B2CC-4974-B3C4-1A9D768CC19D}.Debug|ARM64.Build.0 = Debug|Any CPU
		{3ECC3BAA-B2CC-4974-B3C4-1A9D768CC19D}.Debug|x64.ActiveCfg = Debug|Any CPU
		{3ECC3BAA-B2CC-4974-B3C4-1A9D768CC19D}.Debug|x64.Build.0 = Debug|Any CPU
		{3ECC3BAA-B2CC-4974-B3C4-1A9D768CC19D}.Debug|x86.ActiveCfg = Debug|Any CPU
		{3ECC3BAA-B2CC-4974-B3C4-1A9D768CC19D}.Debug|x86.Build.0 = Debug|Any CPU
		{3ECC3BAA-B2CC-4974-B3C4-1A9D768CC19D}.Release|Any CPU.ActiveCfg = Release|Any CPU
		{3ECC3BAA-B2CC-4974-B3C4-1A9D768CC19D}.Release|Any CPU.Build.0 = Release|Any CPU
		{3ECC3BAA-B2CC-4974-B3C4-1A9D768CC19D}.Release|ARM.ActiveCfg = Release|Any CPU
		{3ECC3BAA-B2CC-4974-B3C4-1A9D768CC19D}.Release|ARM.Build.0 = Release|Any CPU
		{3ECC3BAA-B2CC-4974-B3C4-1A9D768CC19D}.Release|ARM64.ActiveCfg = Release|Any CPU
		{3ECC3BAA-B2CC-4974-B3C4-1A9D768CC19D}.Release|ARM64.Build.0 = Release|Any CPU
		{3ECC3BAA-B2CC-4974-B3C4-1A9D768CC19D}.Release|x64.ActiveCfg = Release|Any CPU
		{3ECC3BAA-B2CC-4974-B3C4-1A9D768CC19D}.Release|x64.Build.0 = Release|Any CPU
		{3ECC3BAA-B2CC-4974-B3C4-1A9D768CC19D}.Release|x86.ActiveCfg = Release|Any CPU
		{3ECC3BAA-B2CC-4974-B3C4-1A9D768CC19D}.Release|x86.Build.0 = Release|Any CPU
	EndGlobalSection
	GlobalSection(SolutionProperties) = preSolution
		HideSolutionNode = FALSE
	EndGlobalSection
	GlobalSection(ExtensibilityGlobals) = postSolution
		SolutionGuid = {5C58F307-5F54-4807-B30A-4FD5B56250F9}
	EndGlobalSection
EndGlobal
